
Microsoft Visual Studio Solution File, Format Version 12.00
# Visual Studio Version 17
VisualStudioVersion = 17.9.34714.143
MinimumVisualStudioVersion = 10.0.40219.1
Project("{FAE04EC0-301F-11D3-BF4B-00C04F79EFBC}") = "TI45-08-08-2024", "TI45-08-08-2024\TI45-08-08-2024.csproj", "{ABAA8FED-E3D2-4FCD-8462-5235F1AE6FF1}"
EndProject
Global
	GlobalSection(SolutionConfigurationPlatforms) = preSolution
		Debug|Any CPU = Debug|Any CPU
		Release|Any CPU = Release|Any CPU
	EndGlobalSection
	GlobalSection(ProjectConfigurationPlatforms) = postSolution
		{ABAA8FED-E3D2-4FCD-8462-5235F1AE6FF1}.Debug|Any CPU.ActiveCfg = Debug|Any CPU
		{ABAA8FED-E3D2-4FCD-8462-5235F1AE6FF1}.Debug|Any CPU.Build.0 = Debug|Any CPU
		{ABAA8FED-E3D2-4FCD-8462-5235F1AE6FF1}.Release|Any CPU.ActiveCfg = Release|Any CPU
		{ABAA8FED-E3D2-4FCD-8462-5235F1AE6FF1}.Release|Any CPU.Build.0 = Release|Any CPU
	EndGlobalSection
	GlobalSection(SolutionProperties) = preSolution
		HideSolutionNode = FALSE
	EndGlobalSection
	GlobalSection(ExtensibilityGlobals) = postSolution
		SolutionGuid = {7EB107F2-4470-4A70-800C-12C780C71A5E}
	EndGlobalSection
EndGlobal
